
Microsoft Visual Studio Solution File, Format Version 12.00
# Visual Studio Version 17
VisualStudioVersion = 17.14.36121.58 d17.14
MinimumVisualStudioVersion = 10.0.40219.1
Project("{FAE04EC0-301F-11D3-BF4B-00C04F79EFBC}") = "FoodyExamPrep", "FoodyExamPrep\FoodyExamPrep.csproj", "{0FCA6D20-EC88-46A7-8093-D2B7B4A17415}"
EndProject
Global
	GlobalSection(SolutionConfigurationPlatforms) = preSolution
		Debug|Any CPU = Debug|Any CPU
		Release|Any CPU = Release|Any CPU
	EndGlobalSection
	GlobalSection(ProjectConfigurationPlatforms) = postSolution
		{0FCA6D20-EC88-46A7-8093-D2B7B4A17415}.Debug|Any CPU.ActiveCfg = Debug|Any CPU
		{0FCA6D20-EC88-46A7-8093-D2B7B4A17415}.Debug|Any CPU.Build.0 = Debug|Any CPU
		{0FCA6D20-EC88-46A7-8093-D2B7B4A17415}.Release|Any CPU.ActiveCfg = Release|Any CPU
		{0FCA6D20-EC88-46A7-8093-D2B7B4A17415}.Release|Any CPU.Build.0 = Release|Any CPU
	EndGlobalSection
	GlobalSection(SolutionProperties) = preSolution
		HideSolutionNode = FALSE
	EndGlobalSection
	GlobalSection(ExtensibilityGlobals) = postSolution
		SolutionGuid = {D5A419AA-D79F-4A94-9BC1-61BA1D069606}
	EndGlobalSection
EndGlobal
